
Microsoft Visual Studio Solution File, Format Version 12.00
Project("{2150E333-8FDC-42A3-9474-1A3956D46DE8}") = "EntityFramework", "EntityFramework", "{C46FEA8E-875A-4B1C-B82A-471F71926CD9}"
EndProject
Project("{2150E333-8FDC-42A3-9474-1A3956D46DE8}") = "Dapper", "Dapper", "{A41D4A08-69D5-4C5C-9F7E-8B715E012B48}"
EndProject
Project("{2150E333-8FDC-42A3-9474-1A3956D46DE8}") = "CleanArchitecture", "CleanArchitecture", "{2A8A678D-222E-4BBA-AF81-D996922DFEE1}"
EndProject
Project("{2150E333-8FDC-42A3-9474-1A3956D46DE8}") = "GraphQL", "GraphQL", "{6BC86EB8-9250-4193-80C5-79ED36567A20}"
EndProject
Project("{FAE04EC0-301F-11D3-BF4B-00C04F79EFBC}") = "EntityFramework.BLL", "EntityFramework.BLL\EntityFramework.BLL.csproj", "{5ADF05FF-19A4-47A5-B7F9-E8420F4FD04F}"
EndProject
Project("{FAE04EC0-301F-11D3-BF4B-00C04F79EFBC}") = "EntityFramework.DAL", "EntityFramework.DAL\EntityFramework.DAL.csproj", "{52CD2C0A-3057-4A6D-81C7-0D1FCAE105B3}"
EndProject
Project("{FAE04EC0-301F-11D3-BF4B-00C04F79EFBC}") = "EntityFramework.API", "EntityFramework.API\EntityFramework.API.csproj", "{9D381438-E754-4E3D-8EFE-EE7CD80B89FE}"
EndProject
Project("{FAE04EC0-301F-11D3-BF4B-00C04F79EFBC}") = "Dapper.API", "Dapper.API\Dapper.API.csproj", "{C0E969B9-617D-4AD3-B043-1EAE84DF5E17}"
EndProject
Project("{FAE04EC0-301F-11D3-BF4B-00C04F79EFBC}") = "Dapper.DAL", "Dapper.DAL\Dapper.DAL.csproj", "{62D22444-5FE5-4E47-841C-C032BD20B387}"
EndProject
Project("{FAE04EC0-301F-11D3-BF4B-00C04F79EFBC}") = "Dapper.BLL", "Dapper.BLL\Dapper.BLL.csproj", "{51439D40-7653-4E17-967F-F32EF4089BB8}"
EndProject
Project("{FAE04EC0-301F-11D3-BF4B-00C04F79EFBC}") = "CA.API", "CA.API\CA.API.csproj", "{79FCDDE6-A718-43C4-958E-0BAD1D5D0DD9}"
EndProject
Project("{FAE04EC0-301F-11D3-BF4B-00C04F79EFBC}") = "CA.Domain", "CA.Domain\CA.Domain.csproj", "{6BDC784B-DF2D-44D1-BE56-47EE1FAF0620}"
EndProject
Project("{FAE04EC0-301F-11D3-BF4B-00C04F79EFBC}") = "CA.Application", "CA.Application\CA.Application.csproj", "{C62DCBEC-7B8C-407D-A05F-14EBBF2820AC}"
EndProject
Project("{FAE04EC0-301F-11D3-BF4B-00C04F79EFBC}") = "CA.Infrastructure", "CA.Infrastructure\CA.Infrastructure.csproj", "{53221567-622F-449F-A50C-1E142F843FB0}"
EndProject
Project("{FAE04EC0-301F-11D3-BF4B-00C04F79EFBC}") = "GraphQL.API", "GraphQL.API\GraphQL.API.csproj", "{BD22ECC4-2000-41B0-BF23-8E2686830E0E}"
EndProject
Project("{2150E333-8FDC-42A3-9474-1A3956D46DE8}") = "Basket", "Basket", "{374ED3DE-84C9-4DF9-A20F-507678C706CD}"
EndProject
Project("{FAE04EC0-301F-11D3-BF4B-00C04F79EFBC}") = "Basket.API", "Basket.API\Basket.API.csproj", "{2EF38791-8268-4A51-8C03-A413A0B681CD}"
EndProject
Project("{FAE04EC0-301F-11D3-BF4B-00C04F79EFBC}") = "Basket.DAL", "Basket.DAL\Basket.DAL.csproj", "{9EA81A74-6366-4CFF-81B8-02DFB0118ADD}"
EndProject
Project("{2150E333-8FDC-42A3-9474-1A3956D46DE8}") = "Identity", "Identity", "{E41A6AB3-E8E0-49F0-BBED-11E854CCC7EE}"
EndProject
Project("{FAE04EC0-301F-11D3-BF4B-00C04F79EFBC}") = "Identity.API", "Identity.API\Identity.API.csproj", "{91A2EF89-E014-4A34-BC2B-26C719B93664}"
EndProject
Project("{FAE04EC0-301F-11D3-BF4B-00C04F79EFBC}") = "Identity.BLL", "Identity.BLL\Identity.BLL.csproj", "{A327330B-5798-4042-9D3D-E6C43970C6D6}"
EndProject
Project("{FAE04EC0-301F-11D3-BF4B-00C04F79EFBC}") = "Identity.DAL", "Identity.DAL\Identity.DAL.csproj", "{D6FC0D75-84DF-44B1-9CCD-E9406F85D72F}"
EndProject
Global
	GlobalSection(SolutionConfigurationPlatforms) = preSolution
		Debug|Any CPU = Debug|Any CPU
		Release|Any CPU = Release|Any CPU
	EndGlobalSection
	GlobalSection(NestedProjects) = preSolution
		{5ADF05FF-19A4-47A5-B7F9-E8420F4FD04F} = {C46FEA8E-875A-4B1C-B82A-471F71926CD9}
		{52CD2C0A-3057-4A6D-81C7-0D1FCAE105B3} = {C46FEA8E-875A-4B1C-B82A-471F71926CD9}
		{9D381438-E754-4E3D-8EFE-EE7CD80B89FE} = {C46FEA8E-875A-4B1C-B82A-471F71926CD9}
		{C0E969B9-617D-4AD3-B043-1EAE84DF5E17} = {A41D4A08-69D5-4C5C-9F7E-8B715E012B48}
		{62D22444-5FE5-4E47-841C-C032BD20B387} = {A41D4A08-69D5-4C5C-9F7E-8B715E012B48}
		{51439D40-7653-4E17-967F-F32EF4089BB8} = {A41D4A08-69D5-4C5C-9F7E-8B715E012B48}
		{79FCDDE6-A718-43C4-958E-0BAD1D5D0DD9} = {2A8A678D-222E-4BBA-AF81-D996922DFEE1}
		{6BDC784B-DF2D-44D1-BE56-47EE1FAF0620} = {2A8A678D-222E-4BBA-AF81-D996922DFEE1}
		{C62DCBEC-7B8C-407D-A05F-14EBBF2820AC} = {2A8A678D-222E-4BBA-AF81-D996922DFEE1}
		{53221567-622F-449F-A50C-1E142F843FB0} = {2A8A678D-222E-4BBA-AF81-D996922DFEE1}
		{BD22ECC4-2000-41B0-BF23-8E2686830E0E} = {6BC86EB8-9250-4193-80C5-79ED36567A20}
		{2EF38791-8268-4A51-8C03-A413A0B681CD} = {374ED3DE-84C9-4DF9-A20F-507678C706CD}
		{9EA81A74-6366-4CFF-81B8-02DFB0118ADD} = {374ED3DE-84C9-4DF9-A20F-507678C706CD}
		{91A2EF89-E014-4A34-BC2B-26C719B93664} = {E41A6AB3-E8E0-49F0-BBED-11E854CCC7EE}
		{A327330B-5798-4042-9D3D-E6C43970C6D6} = {E41A6AB3-E8E0-49F0-BBED-11E854CCC7EE}
		{D6FC0D75-84DF-44B1-9CCD-E9406F85D72F} = {E41A6AB3-E8E0-49F0-BBED-11E854CCC7EE}
	EndGlobalSection
	GlobalSection(ProjectConfigurationPlatforms) = postSolution
		{5ADF05FF-19A4-47A5-B7F9-E8420F4FD04F}.Debug|Any CPU.ActiveCfg = Debug|Any CPU
		{5ADF05FF-19A4-47A5-B7F9-E8420F4FD04F}.Debug|Any CPU.Build.0 = Debug|Any CPU
		{5ADF05FF-19A4-47A5-B7F9-E8420F4FD04F}.Release|Any CPU.ActiveCfg = Release|Any CPU
		{5ADF05FF-19A4-47A5-B7F9-E8420F4FD04F}.Release|Any CPU.Build.0 = Release|Any CPU
		{52CD2C0A-3057-4A6D-81C7-0D1FCAE105B3}.Debug|Any CPU.ActiveCfg = Debug|Any CPU
		{52CD2C0A-3057-4A6D-81C7-0D1FCAE105B3}.Debug|Any CPU.Build.0 = Debug|Any CPU
		{52CD2C0A-3057-4A6D-81C7-0D1FCAE105B3}.Release|Any CPU.ActiveCfg = Release|Any CPU
		{52CD2C0A-3057-4A6D-81C7-0D1FCAE105B3}.Release|Any CPU.Build.0 = Release|Any CPU
		{9D381438-E754-4E3D-8EFE-EE7CD80B89FE}.Debug|Any CPU.ActiveCfg = Debug|Any CPU
		{9D381438-E754-4E3D-8EFE-EE7CD80B89FE}.Debug|Any CPU.Build.0 = Debug|Any CPU
		{9D381438-E754-4E3D-8EFE-EE7CD80B89FE}.Release|Any CPU.ActiveCfg = Release|Any CPU
		{9D381438-E754-4E3D-8EFE-EE7CD80B89FE}.Release|Any CPU.Build.0 = Release|Any CPU
		{C0E969B9-617D-4AD3-B043-1EAE84DF5E17}.Debug|Any CPU.ActiveCfg = Debug|Any CPU
		{C0E969B9-617D-4AD3-B043-1EAE84DF5E17}.Debug|Any CPU.Build.0 = Debug|Any CPU
		{C0E969B9-617D-4AD3-B043-1EAE84DF5E17}.Release|Any CPU.ActiveCfg = Release|Any CPU
		{C0E969B9-617D-4AD3-B043-1EAE84DF5E17}.Release|Any CPU.Build.0 = Release|Any CPU
		{62D22444-5FE5-4E47-841C-C032BD20B387}.Debug|Any CPU.ActiveCfg = Debug|Any CPU
		{62D22444-5FE5-4E47-841C-C032BD20B387}.Debug|Any CPU.Build.0 = Debug|Any CPU
		{62D22444-5FE5-4E47-841C-C032BD20B387}.Release|Any CPU.ActiveCfg = Release|Any CPU
		{62D22444-5FE5-4E47-841C-C032BD20B387}.Release|Any CPU.Build.0 = Release|Any CPU
		{51439D40-7653-4E17-967F-F32EF4089BB8}.Debug|Any CPU.ActiveCfg = Debug|Any CPU
		{51439D40-7653-4E17-967F-F32EF4089BB8}.Debug|Any CPU.Build.0 = Debug|Any CPU
		{51439D40-7653-4E17-967F-F32EF4089BB8}.Release|Any CPU.ActiveCfg = Release|Any CPU
		{51439D40-7653-4E17-967F-F32EF4089BB8}.Release|Any CPU.Build.0 = Release|Any CPU
		{79FCDDE6-A718-43C4-958E-0BAD1D5D0DD9}.Debug|Any CPU.ActiveCfg = Debug|Any CPU
		{79FCDDE6-A718-43C4-958E-0BAD1D5D0DD9}.Debug|Any CPU.Build.0 = Debug|Any CPU
		{79FCDDE6-A718-43C4-958E-0BAD1D5D0DD9}.Release|Any CPU.ActiveCfg = Release|Any CPU
		{79FCDDE6-A718-43C4-958E-0BAD1D5D0DD9}.Release|Any CPU.Build.0 = Release|Any CPU
		{6BDC784B-DF2D-44D1-BE56-47EE1FAF0620}.Debug|Any CPU.ActiveCfg = Debug|Any CPU
		{6BDC784B-DF2D-44D1-BE56-47EE1FAF0620}.Debug|Any CPU.Build.0 = Debug|Any CPU
		{6BDC784B-DF2D-44D1-BE56-47EE1FAF0620}.Release|Any CPU.ActiveCfg = Release|Any CPU
		{6BDC784B-DF2D-44D1-BE56-47EE1FAF0620}.Release|Any CPU.Build.0 = Release|Any CPU
		{C62DCBEC-7B8C-407D-A05F-14EBBF2820AC}.Debug|Any CPU.ActiveCfg = Debug|Any CPU
		{C62DCBEC-7B8C-407D-A05F-14EBBF2820AC}.Debug|Any CPU.Build.0 = Debug|Any CPU
		{C62DCBEC-7B8C-407D-A05F-14EBBF2820AC}.Release|Any CPU.ActiveCfg = Release|Any CPU
		{C62DCBEC-7B8C-407D-A05F-14EBBF2820AC}.Release|Any CPU.Build.0 = Release|Any CPU
		{53221567-622F-449F-A50C-1E142F843FB0}.Debug|Any CPU.ActiveCfg = Debug|Any CPU
		{53221567-622F-449F-A50C-1E142F843FB0}.Debug|Any CPU.Build.0 = Debug|Any CPU
		{53221567-622F-449F-A50C-1E142F843FB0}.Release|Any CPU.ActiveCfg = Release|Any CPU
		{53221567-622F-449F-A50C-1E142F843FB0}.Release|Any CPU.Build.0 = Release|Any CPU
		{BD22ECC4-2000-41B0-BF23-8E2686830E0E}.Debug|Any CPU.ActiveCfg = Debug|Any CPU
		{BD22ECC4-2000-41B0-BF23-8E2686830E0E}.Debug|Any CPU.Build.0 = Debug|Any CPU
		{BD22ECC4-2000-41B0-BF23-8E2686830E0E}.Release|Any CPU.ActiveCfg = Release|Any CPU
		{BD22ECC4-2000-41B0-BF23-8E2686830E0E}.Release|Any CPU.Build.0 = Release|Any CPU
		{2EF38791-8268-4A51-8C03-A413A0B681CD}.Debug|Any CPU.ActiveCfg = Debug|Any CPU
		{2EF38791-8268-4A51-8C03-A413A0B681CD}.Debug|Any CPU.Build.0 = Debug|Any CPU
		{2EF38791-8268-4A51-8C03-A413A0B681CD}.Release|Any CPU.ActiveCfg = Release|Any CPU
		{2EF38791-8268-4A51-8C03-A413A0B681CD}.Release|Any CPU.Build.0 = Release|Any CPU
		{9EA81A74-6366-4CFF-81B8-02DFB0118ADD}.Debug|Any CPU.ActiveCfg = Debug|Any CPU
		{9EA81A74-6366-4CFF-81B8-02DFB0118ADD}.Debug|Any CPU.Build.0 = Debug|Any CPU
		{9EA81A74-6366-4CFF-81B8-02DFB0118ADD}.Release|Any CPU.ActiveCfg = Release|Any CPU
		{9EA81A74-6366-4CFF-81B8-02DFB0118ADD}.Release|Any CPU.Build.0 = Release|Any CPU
		{91A2EF89-E014-4A34-BC2B-26C719B93664}.Debug|Any CPU.ActiveCfg = Debug|Any CPU
		{91A2EF89-E014-4A34-BC2B-26C719B93664}.Debug|Any CPU.Build.0 = Debug|Any CPU
		{91A2EF89-E014-4A34-BC2B-26C719B93664}.Release|Any CPU.ActiveCfg = Release|Any CPU
		{91A2EF89-E014-4A34-BC2B-26C719B93664}.Release|Any CPU.Build.0 = Release|Any CPU
		{A327330B-5798-4042-9D3D-E6C43970C6D6}.Debug|Any CPU.ActiveCfg = Debug|Any CPU
		{A327330B-5798-4042-9D3D-E6C43970C6D6}.Debug|Any CPU.Build.0 = Debug|Any CPU
		{A327330B-5798-4042-9D3D-E6C43970C6D6}.Release|Any CPU.ActiveCfg = Release|Any CPU
		{A327330B-5798-4042-9D3D-E6C43970C6D6}.Release|Any CPU.Build.0 = Release|Any CPU
		{D6FC0D75-84DF-44B1-9CCD-E9406F85D72F}.Debug|Any CPU.ActiveCfg = Debug|Any CPU
		{D6FC0D75-84DF-44B1-9CCD-E9406F85D72F}.Debug|Any CPU.Build.0 = Debug|Any CPU
		{D6FC0D75-84DF-44B1-9CCD-E9406F85D72F}.Release|Any CPU.ActiveCfg = Release|Any CPU
		{D6FC0D75-84DF-44B1-9CCD-E9406F85D72F}.Release|Any CPU.Build.0 = Release|Any CPU
	EndGlobalSection
EndGlobal
